dependencies:
- name: postgresql
  repository: https://charts.bitnami.com/bitnami
  version: 11.1.3
- name: redis
  repository: https://charts.bitnami.com/bitnami
  version: 16.4.5
digest: sha256:4b7e8339573a5feabee7133f23c390cfdf9fa33923b13f13b92c2665e6681742
generated: "2022-03-06T16:36:58.259729+11:00"
