dependencies:
- name: common
  repository: https://library-charts.k8s-at-home.com
  version: 4.3.0
- name: postgresql
  repository: https://charts.bitnami.com/bitnami
  version: 10.16.2
- name: redis
  repository: https://charts.bitnami.com/bitnami
  version: 14.1.1
digest: sha256:6213b822e40a8b175fb77a42f4cfcbd2965964cfb10a07965ad8386fa4dcfb21
generated: "2022-03-02T11:47:27.834185674Z"
