dependencies:
- name: common
  repository: https://library-charts.k8s-at-home.com
  version: 4.3.0
- name: postgresql
  repository: https://charts.bitnami.com/bitnami
  version: 10.16.2
- name: redis
  repository: https://charts.bitnami.com/bitnami
  version: 16.4.5
digest: sha256:30eee18b76f1e8d4ed1280dafa433a4da33d6d1b59ad7ff17427273232e443a8
generated: "2022-03-02T16:25:13.856031913Z"
